
Microsoft Visual Studio Solution File, Format Version 12.00
# Visual Studio Version 17
VisualStudioVersion = 17.13.35913.81 d17.13
MinimumVisualStudioVersion = 10.0.40219.1
Project("{FAE04EC0-301F-11D3-BF4B-00C04F79EFBC}") = "SimpleStudentManagementProject", "SimpleStudentManagementProject.csproj", "{5797DA1A-0B7C-4B5B-AFB7-08A3031C6510}"
EndProject
Global
	GlobalSection(SolutionConfigurationPlatforms) = preSolution
		Debug|Any CPU = Debug|Any CPU
		Release|Any CPU = Release|Any CPU
	EndGlobalSection
	GlobalSection(ProjectConfigurationPlatforms) = postSolution
		{5797DA1A-0B7C-4B5B-AFB7-08A3031C6510}.Debug|Any CPU.ActiveCfg = Debug|Any CPU
		{5797DA1A-0B7C-4B5B-AFB7-08A3031C6510}.Debug|Any CPU.Build.0 = Debug|Any CPU
		{5797DA1A-0B7C-4B5B-AFB7-08A3031C6510}.Release|Any CPU.ActiveCfg = Release|Any CPU
		{5797DA1A-0B7C-4B5B-AFB7-08A3031C6510}.Release|Any CPU.Build.0 = Release|Any CPU
	EndGlobalSection
	GlobalSection(SolutionProperties) = preSolution
		HideSolutionNode = FALSE
	EndGlobalSection
	GlobalSection(ExtensibilityGlobals) = postSolution
		SolutionGuid = {B21B8B82-5828-4F98-A754-E7795D359B95}
	EndGlobalSection
EndGlobal
